
Microsoft Visual Studio Solution File, Format Version 12.00
# Visual Studio Version 16
VisualStudioVersion = 16.0.28922.388
MinimumVisualStudioVersion = 10.0.40219.1
Project("{FAE04EC0-301F-11D3-BF4B-00C04F79EFBC}") = "WpfMessageBoxLibrary", "WpfMessageBox\WpfMessageBoxLibrary.csproj", "{28C41280-1D3D-4AF8-B555-EFB939B664B3}"
EndProject
Project("{FAE04EC0-301F-11D3-BF4B-00C04F79EFBC}") = "Demo", "Demo\Demo.csproj", "{D9E804ED-89E1-4D35-A395-AB82D29E407A}"
EndProject
Global
	GlobalSection(SolutionConfigurationPlatforms) = preSolution
		Debug|Any CPU = Debug|Any CPU
		Release|Any CPU = Release|Any CPU
	EndGlobalSection
	GlobalSection(ProjectConfigurationPlatforms) = postSolution
		{28C41280-1D3D-4AF8-B555-EFB939B664B3}.Debug|Any CPU.ActiveCfg = Debug|Any CPU
		{28C41280-1D3D-4AF8-B555-EFB939B664B3}.Debug|Any CPU.Build.0 = Debug|Any CPU
		{28C41280-1D3D-4AF8-B555-EFB939B664B3}.Release|Any CPU.ActiveCfg = Release|Any CPU
		{28C41280-1D3D-4AF8-B555-EFB939B664B3}.Release|Any CPU.Build.0 = Release|Any CPU
		{D9E804ED-89E1-4D35-A395-AB82D29E407A}.Debug|Any CPU.ActiveCfg = Debug|Any CPU
		{D9E804ED-89E1-4D35-A395-AB82D29E407A}.Debug|Any CPU.Build.0 = Debug|Any CPU
		{D9E804ED-89E1-4D35-A395-AB82D29E407A}.Release|Any CPU.ActiveCfg = Release|Any CPU
		{D9E804ED-89E1-4D35-A395-AB82D29E407A}.Release|Any CPU.Build.0 = Release|Any CPU
	EndGlobalSection
	GlobalSection(SolutionProperties) = preSolution
		HideSolutionNode = FALSE
	EndGlobalSection
	GlobalSection(ExtensibilityGlobals) = postSolution
		SolutionGuid = {EE229E67-4003-497D-969E-5B6B850E5F12}
	EndGlobalSection
EndGlobal
